
Microsoft Visual Studio Solution File, Format Version 12.00
# Visual Studio Version 17
VisualStudioVersion = 17.14.36705.20
MinimumVisualStudioVersion = 10.0.40219.1
Project("{2150E333-8FDC-42A3-9474-1A3956D46DE8}") = "src", "src", "{02EA681E-C7D8-13C7-8484-4AC65E1B71E8}"
EndProject
Project("{2150E333-8FDC-42A3-9474-1A3956D46DE8}") = "test", "test", "{29DCD507-51AA-4A3C-B0DD-4A3318D263CA}"
EndProject
Project("{FAE04EC0-301F-11D3-BF4B-00C04F79EFBC}") = "WebSocket_API", "WebSocket_API\WebSocket_API.csproj", "{94AC63A5-9436-4936-BD29-A332C99AD6F3}"
EndProject
Project("{FAE04EC0-301F-11D3-BF4B-00C04F79EFBC}") = "WebSocket_Application", "src\WebSocket_Application\WebSocket_Application.csproj", "{ECDB9545-AAB0-45C3-B5BF-E6F2FC358D39}"
EndProject
Project("{FAE04EC0-301F-11D3-BF4B-00C04F79EFBC}") = "WebSocket_Domain", "src\WebSocket_Domain\WebSocket_Domain.csproj", "{93F53522-32A2-48EC-AD4F-53D35547C740}"
EndProject
Project("{FAE04EC0-301F-11D3-BF4B-00C04F79EFBC}") = "WebSocket_Exception", "src\WebSocket_Exception\WebSocket_Exception.csproj", "{C810E7CB-E05C-4F0A-AD19-B0E5A220CDA1}"
EndProject
Project("{FAE04EC0-301F-11D3-BF4B-00C04F79EFBC}") = "WebSocket_Communication", "src\WebSocket_Communication\WebSocket_Communication.csproj", "{BC5E1548-5C1F-4826-89DE-3AB7EEF2E2A1}"
EndProject
Project("{FAE04EC0-301F-11D3-BF4B-00C04F79EFBC}") = "WebSocket_Infrastructure", "src\WebSocket_Infrastructure\WebSocket_Infrastructure.csproj", "{0F920E3F-1765-4A47-B194-1C6AEFD8C6E2}"
EndProject
Project("{2150E333-8FDC-42A3-9474-1A3956D46DE8}") = "Solution Items", "Solution Items", "{8EC462FD-D22E-90A8-E5CE-7E832BA40C5D}"
	ProjectSection(SolutionItems) = preProject
		.gitignore = .gitignore
	EndProjectSection
EndProject
Global
	GlobalSection(SolutionConfigurationPlatforms) = preSolution
		Debug|Any CPU = Debug|Any CPU
		Release|Any CPU = Release|Any CPU
	EndGlobalSection
	GlobalSection(ProjectConfigurationPlatforms) = postSolution
		{94AC63A5-9436-4936-BD29-A332C99AD6F3}.Debug|Any CPU.ActiveCfg = Debug|Any CPU
		{94AC63A5-9436-4936-BD29-A332C99AD6F3}.Debug|Any CPU.Build.0 = Debug|Any CPU
		{94AC63A5-9436-4936-BD29-A332C99AD6F3}.Release|Any CPU.ActiveCfg = Release|Any CPU
		{94AC63A5-9436-4936-BD29-A332C99AD6F3}.Release|Any CPU.Build.0 = Release|Any CPU
		{ECDB9545-AAB0-45C3-B5BF-E6F2FC358D39}.Debug|Any CPU.ActiveCfg = Debug|Any CPU
		{ECDB9545-AAB0-45C3-B5BF-E6F2FC358D39}.Debug|Any CPU.Build.0 = Debug|Any CPU
		{ECDB9545-AAB0-45C3-B5BF-E6F2FC358D39}.Release|Any CPU.ActiveCfg = Release|Any CPU
		{ECDB9545-AAB0-45C3-B5BF-E6F2FC358D39}.Release|Any CPU.Build.0 = Release|Any CPU
		{93F53522-32A2-48EC-AD4F-53D35547C740}.Debug|Any CPU.ActiveCfg = Debug|Any CPU
		{93F53522-32A2-48EC-AD4F-53D35547C740}.Debug|Any CPU.Build.0 = Debug|Any CPU
		{93F53522-32A2-48EC-AD4F-53D35547C740}.Release|Any CPU.ActiveCfg = Release|Any CPU
		{93F53522-32A2-48EC-AD4F-53D35547C740}.Release|Any CPU.Build.0 = Release|Any CPU
		{C810E7CB-E05C-4F0A-AD19-B0E5A220CDA1}.Debug|Any CPU.ActiveCfg = Debug|Any CPU
		{C810E7CB-E05C-4F0A-AD19-B0E5A220CDA1}.Debug|Any CPU.Build.0 = Debug|Any CPU
		{C810E7CB-E05C-4F0A-AD19-B0E5A220CDA1}.Release|Any CPU.ActiveCfg = Release|Any CPU
		{C810E7CB-E05C-4F0A-AD19-B0E5A220CDA1}.Release|Any CPU.Build.0 = Release|Any CPU
		{BC5E1548-5C1F-4826-89DE-3AB7EEF2E2A1}.Debug|Any CPU.ActiveCfg = Debug|Any CPU
		{BC5E1548-5C1F-4826-89DE-3AB7EEF2E2A1}.Debug|Any CPU.Build.0 = Debug|Any CPU
		{BC5E1548-5C1F-4826-89DE-3AB7EEF2E2A1}.Release|Any CPU.ActiveCfg = Release|Any CPU
		{BC5E1548-5C1F-4826-89DE-3AB7EEF2E2A1}.Release|Any CPU.Build.0 = Release|Any CPU
		{0F920E3F-1765-4A47-B194-1C6AEFD8C6E2}.Debug|Any CPU.ActiveCfg = Debug|Any CPU
		{0F920E3F-1765-4A47-B194-1C6AEFD8C6E2}.Debug|Any CPU.Build.0 = Debug|Any CPU
		{0F920E3F-1765-4A47-B194-1C6AEFD8C6E2}.Release|Any CPU.ActiveCfg = Release|Any CPU
		{0F920E3F-1765-4A47-B194-1C6AEFD8C6E2}.Release|Any CPU.Build.0 = Release|Any CPU
	EndGlobalSection
	GlobalSection(SolutionProperties) = preSolution
		HideSolutionNode = FALSE
	EndGlobalSection
	GlobalSection(NestedProjects) = preSolution
		{94AC63A5-9436-4936-BD29-A332C99AD6F3} = {02EA681E-C7D8-13C7-8484-4AC65E1B71E8}
		{ECDB9545-AAB0-45C3-B5BF-E6F2FC358D39} = {02EA681E-C7D8-13C7-8484-4AC65E1B71E8}
		{93F53522-32A2-48EC-AD4F-53D35547C740} = {02EA681E-C7D8-13C7-8484-4AC65E1B71E8}
		{C810E7CB-E05C-4F0A-AD19-B0E5A220CDA1} = {02EA681E-C7D8-13C7-8484-4AC65E1B71E8}
		{BC5E1548-5C1F-4826-89DE-3AB7EEF2E2A1} = {02EA681E-C7D8-13C7-8484-4AC65E1B71E8}
		{0F920E3F-1765-4A47-B194-1C6AEFD8C6E2} = {02EA681E-C7D8-13C7-8484-4AC65E1B71E8}
	EndGlobalSection
	GlobalSection(ExtensibilityGlobals) = postSolution
		SolutionGuid = {3F57F8EC-B143-4396-BAF9-E28C7754025E}
	EndGlobalSection
EndGlobal
